{
  "name": "@si14/si-atsamd-usbd",
  "version": "1.0.0",
  "lockfileVersion": 1,
  "requires": true,
  "dependencies": {
    "@si14/si-usbd": {
      "version": "1.0.0",
      "resolved": "https://registry.npmjs.org/@si14/si-usbd/-/si-usbd-1.0.0.tgz",
      "integrity": "sha512-NX6wDMpBjP61NdqME6/CSFK190YUKuDgYCvSbQr/LnuUqBVVxfHZD0+3I1iorbtbQk8BngOtZRNPm8ptpFGWUw=="
    }
  }
}
