{
  "name": "@si14/si-atsamd-usbd",
  "version": "1.0.2",
  "lockfileVersion": 3,
  "requires": true,
  "packages": {
    "": {
      "name": "@si14/si-atsamd-usbd",
      "version": "1.0.2",
      "license": "ISC",
      "dependencies": {
        "@si14/si-usbd": "^1.0.0"
      }
    },
    "node_modules/@si14/si-usbd": {
      "version": "1.0.1",
      "resolved": "https://registry.npmjs.org/@si14/si-usbd/-/si-usbd-1.0.1.tgz",
      "integrity": "sha512-+jaxwD6YHrh9wL+76Ivn75nMuCK/hyiJ1Nnph53doPHzvF5AmYmMrgmTf0UndszzpUUDG8gfXy5m1m5bsqKNog=="
    }
  }
}
